
Microsoft Visual Studio Solution File, Format Version 12.00
# Visual Studio Version 17
VisualStudioVersion = 17.9.34728.123
MinimumVisualStudioVersion = 10.0.40219.1
Project("{FAE04EC0-301F-11D3-BF4B-00C04F79EFBC}") = "ControleEstoqueApp", "ControleEstoqueApp\ControleEstoqueApp.csproj", "{6086B1F1-7782-4D8C-B231-DDB898EC6F31}"
EndProject
Global
	GlobalSection(SolutionConfigurationPlatforms) = preSolution
		Debug|Any CPU = Debug|Any CPU
		Release|Any CPU = Release|Any CPU
	EndGlobalSection
	GlobalSection(ProjectConfigurationPlatforms) = postSolution
		{6086B1F1-7782-4D8C-B231-DDB898EC6F31}.Debug|Any CPU.ActiveCfg = Debug|Any CPU
		{6086B1F1-7782-4D8C-B231-DDB898EC6F31}.Debug|Any CPU.Build.0 = Debug|Any CPU
		{6086B1F1-7782-4D8C-B231-DDB898EC6F31}.Release|Any CPU.ActiveCfg = Release|Any CPU
		{6086B1F1-7782-4D8C-B231-DDB898EC6F31}.Release|Any CPU.Build.0 = Release|Any CPU
	EndGlobalSection
	GlobalSection(SolutionProperties) = preSolution
		HideSolutionNode = FALSE
	EndGlobalSection
	GlobalSection(ExtensibilityGlobals) = postSolution
		SolutionGuid = {61420754-DD9F-4BD0-9EA1-F2485F29D3B4}
	EndGlobalSection
EndGlobal
